
Microsoft Visual Studio Solution File, Format Version 12.00
# Visual Studio Version 16
VisualStudioVersion = 16.0.30611.23
MinimumVisualStudioVersion = 10.0.40219.1
Project("{FAE04EC0-301F-11D3-BF4B-00C04F79EFBC}") = "ProjectMusicSound", "ProjectMusicSound\ProjectMusicSound.csproj", "{6538E17B-0DA2-48BE-848D-05191ABCB591}"
EndProject
Global
	GlobalSection(SolutionConfigurationPlatforms) = preSolution
		Debug|Any CPU = Debug|Any CPU
		Release|Any CPU = Release|Any CPU
	EndGlobalSection
	GlobalSection(ProjectConfigurationPlatforms) = postSolution
		{6538E17B-0DA2-48BE-848D-05191ABCB591}.Debug|Any CPU.ActiveCfg = Debug|Any CPU
		{6538E17B-0DA2-48BE-848D-05191ABCB591}.Debug|Any CPU.Build.0 = Debug|Any CPU
		{6538E17B-0DA2-48BE-848D-05191ABCB591}.Release|Any CPU.ActiveCfg = Release|Any CPU
		{6538E17B-0DA2-48BE-848D-05191ABCB591}.Release|Any CPU.Build.0 = Release|Any CPU
	EndGlobalSection
	GlobalSection(SolutionProperties) = preSolution
		HideSolutionNode = FALSE
	EndGlobalSection
	GlobalSection(ExtensibilityGlobals) = postSolution
		SolutionGuid = {5406B7B3-958D-4AF8-A6F6-FCF2AAB05AB1}
	EndGlobalSection
EndGlobal
